
Microsoft Visual Studio Solution File, Format Version 12.00
# Visual Studio Version 16
VisualStudioVersion = 16.0.32228.343
MinimumVisualStudioVersion = 10.0.40219.1
Project("{9A19103F-16F7-4668-BE54-9A1E7A4F7556}") = "PostsMicroservice", "back_end\PostsMicroservice\PostsMicroservice\PostsMicroservice.csproj", "{396B50D3-7539-45BC-AAF8-A0D7119D4FA8}"
EndProject
Project("{E53339B2-1760-4266-BCC7-CA923CBCF16C}") = "docker-compose", "docker-compose.dcproj", "{37F85D7B-5086-4850-81C6-D99B2E147183}"
EndProject
Project("{9A19103F-16F7-4668-BE54-9A1E7A4F7556}") = "APIGateway", "back_end\APIGateway\APIGateway.csproj", "{75434329-1F0C-4540-8D74-4DE4DB603794}"
EndProject
Project("{9A19103F-16F7-4668-BE54-9A1E7A4F7556}") = "ProfileMicroservice", "back_end\ProfileMicroservice\ProfileMicroservice\ProfileMicroservice.csproj", "{57AA701A-10AE-4101-AB3C-EED36867FCB1}"
EndProject
Project("{9A19103F-16F7-4668-BE54-9A1E7A4F7556}") = "PostsMicroserviceTests", "back_end\PostsMicroserviceTests\PostsMicroserviceTests.csproj", "{27C0A3EC-DBAC-45C0-81F4-E4ED90485C42}"
EndProject
Project("{9A19103F-16F7-4668-BE54-9A1E7A4F7556}") = "ProfileMicroserviceTests", "back_end\ProfileMicroserviceTests\ProfileMicroserviceTests.csproj", "{32D20F5E-1320-4EA3-9333-58182C7641E0}"
EndProject
Project("{9A19103F-16F7-4668-BE54-9A1E7A4F7556}") = "Shared.Models", "back_end\Shared.Models\Shared.Models.csproj", "{A8087CC5-E609-4344-A2BE-F9E77E1CC355}"
EndProject
Global
	GlobalSection(SolutionConfigurationPlatforms) = preSolution
		Debug|Any CPU = Debug|Any CPU
		Release|Any CPU = Release|Any CPU
	EndGlobalSection
	GlobalSection(ProjectConfigurationPlatforms) = postSolution
		{396B50D3-7539-45BC-AAF8-A0D7119D4FA8}.Debug|Any CPU.ActiveCfg = Debug|Any CPU
		{396B50D3-7539-45BC-AAF8-A0D7119D4FA8}.Debug|Any CPU.Build.0 = Debug|Any CPU
		{396B50D3-7539-45BC-AAF8-A0D7119D4FA8}.Release|Any CPU.ActiveCfg = Release|Any CPU
		{396B50D3-7539-45BC-AAF8-A0D7119D4FA8}.Release|Any CPU.Build.0 = Release|Any CPU
		{37F85D7B-5086-4850-81C6-D99B2E147183}.Debug|Any CPU.ActiveCfg = Debug|Any CPU
		{37F85D7B-5086-4850-81C6-D99B2E147183}.Debug|Any CPU.Build.0 = Debug|Any CPU
		{37F85D7B-5086-4850-81C6-D99B2E147183}.Release|Any CPU.ActiveCfg = Release|Any CPU
		{37F85D7B-5086-4850-81C6-D99B2E147183}.Release|Any CPU.Build.0 = Release|Any CPU
		{75434329-1F0C-4540-8D74-4DE4DB603794}.Debug|Any CPU.ActiveCfg = Debug|Any CPU
		{75434329-1F0C-4540-8D74-4DE4DB603794}.Debug|Any CPU.Build.0 = Debug|Any CPU
		{75434329-1F0C-4540-8D74-4DE4DB603794}.Release|Any CPU.ActiveCfg = Release|Any CPU
		{75434329-1F0C-4540-8D74-4DE4DB603794}.Release|Any CPU.Build.0 = Release|Any CPU
		{57AA701A-10AE-4101-AB3C-EED36867FCB1}.Debug|Any CPU.ActiveCfg = Debug|Any CPU
		{57AA701A-10AE-4101-AB3C-EED36867FCB1}.Debug|Any CPU.Build.0 = Debug|Any CPU
		{57AA701A-10AE-4101-AB3C-EED36867FCB1}.Release|Any CPU.ActiveCfg = Release|Any CPU
		{57AA701A-10AE-4101-AB3C-EED36867FCB1}.Release|Any CPU.Build.0 = Release|Any CPU
		{27C0A3EC-DBAC-45C0-81F4-E4ED90485C42}.Debug|Any CPU.ActiveCfg = Debug|Any CPU
		{27C0A3EC-DBAC-45C0-81F4-E4ED90485C42}.Debug|Any CPU.Build.0 = Debug|Any CPU
		{27C0A3EC-DBAC-45C0-81F4-E4ED90485C42}.Release|Any CPU.ActiveCfg = Release|Any CPU
		{27C0A3EC-DBAC-45C0-81F4-E4ED90485C42}.Release|Any CPU.Build.0 = Release|Any CPU
		{32D20F5E-1320-4EA3-9333-58182C7641E0}.Debug|Any CPU.ActiveCfg = Debug|Any CPU
		{32D20F5E-1320-4EA3-9333-58182C7641E0}.Debug|Any CPU.Build.0 = Debug|Any CPU
		{32D20F5E-1320-4EA3-9333-58182C7641E0}.Release|Any CPU.ActiveCfg = Release|Any CPU
		{32D20F5E-1320-4EA3-9333-58182C7641E0}.Release|Any CPU.Build.0 = Release|Any CPU
		{A8087CC5-E609-4344-A2BE-F9E77E1CC355}.Debug|Any CPU.ActiveCfg = Debug|Any CPU
		{A8087CC5-E609-4344-A2BE-F9E77E1CC355}.Debug|Any CPU.Build.0 = Debug|Any CPU
		{A8087CC5-E609-4344-A2BE-F9E77E1CC355}.Release|Any CPU.ActiveCfg = Release|Any CPU
		{A8087CC5-E609-4344-A2BE-F9E77E1CC355}.Release|Any CPU.Build.0 = Release|Any CPU
	EndGlobalSection
	GlobalSection(SolutionProperties) = preSolution
		HideSolutionNode = FALSE
	EndGlobalSection
	GlobalSection(ExtensibilityGlobals) = postSolution
		SolutionGuid = {EAA76A66-BE43-4E72-8F57-AE73BCAE500B}
	EndGlobalSection
EndGlobal
