
Microsoft Visual Studio Solution File, Format Version 12.00
# Visual Studio Version 16
VisualStudioVersion = 16.0.30621.155
MinimumVisualStudioVersion = 10.0.40219.1
Project("{9A19103F-16F7-4668-BE54-9A1E7A4F7556}") = "LobbyMicroservice", "LobbyMicroservice\LobbyMicroservice.csproj", "{C22672C2-2501-4E51-A5C0-6DB3285A5243}"
EndProject
Global
	GlobalSection(SolutionConfigurationPlatforms) = preSolution
		Debug|Any CPU = Debug|Any CPU
		Release|Any CPU = Release|Any CPU
	EndGlobalSection
	GlobalSection(ProjectConfigurationPlatforms) = postSolution
		{C22672C2-2501-4E51-A5C0-6DB3285A5243}.Debug|Any CPU.ActiveCfg = Debug|Any CPU
		{C22672C2-2501-4E51-A5C0-6DB3285A5243}.Debug|Any CPU.Build.0 = Debug|Any CPU
		{C22672C2-2501-4E51-A5C0-6DB3285A5243}.Release|Any CPU.ActiveCfg = Release|Any CPU
		{C22672C2-2501-4E51-A5C0-6DB3285A5243}.Release|Any CPU.Build.0 = Release|Any CPU
	EndGlobalSection
	GlobalSection(SolutionProperties) = preSolution
		HideSolutionNode = FALSE
	EndGlobalSection
	GlobalSection(ExtensibilityGlobals) = postSolution
		SolutionGuid = {83C1E866-B268-4980-9021-74C9FB049409}
	EndGlobalSection
EndGlobal
