
Microsoft Visual Studio Solution File, Format Version 12.00
# Visual Studio Version 16
VisualStudioVersion = 16.0.30621.155
MinimumVisualStudioVersion = 10.0.40219.1
Project("{FAE04EC0-301F-11D3-BF4B-00C04F79EFBC}") = "PostsMicroservice", "PostsMicroservice\PostsMicroservice.csproj", "{D73F62F7-E776-428D-BA13-42B143861839}"
EndProject
Global
	GlobalSection(SolutionConfigurationPlatforms) = preSolution
		Debug|Any CPU = Debug|Any CPU
		Release|Any CPU = Release|Any CPU
	EndGlobalSection
	GlobalSection(ProjectConfigurationPlatforms) = postSolution
		{D73F62F7-E776-428D-BA13-42B143861839}.Debug|Any CPU.ActiveCfg = Debug|Any CPU
		{D73F62F7-E776-428D-BA13-42B143861839}.Debug|Any CPU.Build.0 = Debug|Any CPU
		{D73F62F7-E776-428D-BA13-42B143861839}.Release|Any CPU.ActiveCfg = Release|Any CPU
		{D73F62F7-E776-428D-BA13-42B143861839}.Release|Any CPU.Build.0 = Release|Any CPU
	EndGlobalSection
	GlobalSection(SolutionProperties) = preSolution
		HideSolutionNode = FALSE
	EndGlobalSection
	GlobalSection(ExtensibilityGlobals) = postSolution
		SolutionGuid = {83C1E866-B268-4980-9021-74C9FB049409}
	EndGlobalSection
EndGlobal
